// !$*UTF8*$!
{
	archiveVersion = 1;
	classes = {
	};
	objectVersion = 46;
	objects = {

/* Begin PBXBuildFile section */
		58585E5615E06C7B006C4C94 /* UIKit.framework in Frameworks */ = {isa = PBXBuildFile; fileRef = 58585E5515E06C7B006C4C94 /* UIKit.framework */; };
		58585E5815E06C7B006C4C94 /* Foundation.framework in Frameworks */ = {isa = PBXBuildFile; fileRef = 58585E5715E06C7B006C4C94 /* Foundation.framework */; };
		58585E5A15E06C7B006C4C94 /* CoreGraphics.framework in Frameworks */ = {isa = PBXBuildFile; fileRef = 58585E5915E06C7B006C4C94 /* CoreGraphics.framework */; };
		58585E6015E06C7B006C4C94 /* InfoPlist.strings in Resources */ = {isa = PBXBuildFile; fileRef = 58585E5E15E06C7B006C4C94 /* InfoPlist.strings */; };
		58585E6215E06C7B006C4C94 /* main.m in Sources */ = {isa = PBXBuildFile; fileRef = 58585E6115E06C7B006C4C94 /* main.m */; };
		58585E6615E06C7B006C4C94 /* AppDelegate.m in Sources */ = {isa = PBXBuildFile; fileRef = 58585E6515E06C7B006C4C94 /* AppDelegate.m */; };
		58585E6915E06C7B006C4C94 /* ViewController.m in Sources */ = {isa = PBXBuildFile; fileRef = 58585E6815E06C7B006C4C94 /* ViewController.m */; };
		58585E6C15E06C7B006C4C94 /* ViewController_iPhone.xib in Resources */ = {isa = PBXBuildFile; fileRef = 58585E6A15E06C7B006C4C94 /* ViewController_iPhone.xib */; };
		58585E6F15E06C7B006C4C94 /* ViewController_iPad.xib in Resources */ = {isa = PBXBuildFile; fileRef = 58585E6D15E06C7B006C4C94 /* ViewController_iPad.xib */; };
/* End PBXBuildFile section */

/* Begin PBXFileReference section */
		58585E5115E06C7B006C4C94 /* Sherpa.app */ = {isa = PBXFileReference; explicitFileType = wrapper.application; includeInIndex = 0; path = Sherpa.app; sourceTree = BUILT_PRODUCTS_DIR; };
		58585E5515E06C7B006C4C94 /* UIKit.framework */ = {isa = PBXFileReference; lastKnownFileType = wrapper.framework; name = UIKit.framework; path = System/Library/Frameworks/UIKit.framework; sourceTree = SDKROOT; };
		58585E5715E06C7B006C4C94 /* Foundation.framework */ = {isa = PBXFileReference; lastKnownFileType = wrapper.framework; name = Foundation.framework; path = System/Library/Frameworks/Foundation.framework; sourceTree = SDKROOT; };
		58585E5915E06C7B006C4C94 /* CoreGraphics.framework */ = {isa = PBXFileReference; lastKnownFileType = wrapper.framework; name = CoreGraphics.framework; path = System/Library/Frameworks/CoreGraphics.framework; sourceTree = SDKROOT; };
		58585E5D15E06C7B006C4C94 /* Sherpa-Info.plist */ = {isa = PBXFileReference; lastKnownFileType = text.plist.xml; path = "Sherpa-Info.plist"; sourceTree = "<group>"; };
		58585E5F15E06C7B006C4C94 /* en */ = {isa = PBXFileReference; lastKnownFileType = text.plist.strings; name = en; path = en.lproj/InfoPlist.strings; sourceTree = "<group>"; };
		58585E6115E06C7B006C4C94 /* main.m */ = {isa = PBXFileReference; lastKnownFileType = sourcecode.c.objc; path = main.m; sourceTree = "<group>"; };
		58585E6315E06C7B006C4C94 /* Sherpa-Prefix.pch */ = {isa = PBXFileReference; lastKnownFileType = sourcecode.c.h; path = "Sherpa-Prefix.pch"; sourceTree = "<group>"; };
		58585E6415E06C7B006C4C94 /* AppDelegate.h */ = {isa = PBXFileReference; lastKnownFileType = sourcecode.c.h; path = AppDelegate.h; sourceTree = "<group>"; };
		58585E6515E06C7B006C4C94 /* AppDelegate.m */ = {isa = PBXFileReference; lastKnownFileType = sourcecode.c.objc; path = AppDelegate.m; sourceTree = "<group>"; };
		58585E6715E06C7B006C4C94 /* ViewController.h */ = {isa = PBXFileReference; lastKnownFileType = sourcecode.c.h; path = ViewController.h; sourceTree = "<group>"; };
		58585E6815E06C7B006C4C94 /* ViewController.m */ = {isa = PBXFileReference; lastKnownFileType = sourcecode.c.objc; path = ViewController.m; sourceTree = "<group>"; };
		58585E6B15E06C7B006C4C94 /* en */ = {isa = PBXFileReference; lastKnownFileType = file.xib; name = en; path = en.lproj/ViewController_iPhone.xib; sourceTree = "<group>"; };
		58585E6E15E06C7B006C4C94 /* en */ = {isa = PBXFileReference; lastKnownFileType = file.xib; name = en; path = en.lproj/ViewController_iPad.xib; sourceTree = "<group>"; };
/* End PBXFileReference section */

/* Begin PBXFrameworksBuildPhase section */
		58585E4E15E06C7B006C4C94 /* Frameworks */ = {
			isa = PBXFrameworksBuildPhase;
			buildActionMask = 2147483647;
			files = (
				58585E5615E06C7B006C4C94 /* UIKit.framework in Frameworks */,
				58585E5815E06C7B006C4C94 /* Foundation.framework in Frameworks */,
				58585E5A15E06C7B006C4C94 /* CoreGraphics.framework in Frameworks */,
			);
			runOnlyForDeploymentPostprocessing = 0;
		};
/* End PBXFrameworksBuildPhase section */

/* Begin PBXGroup section */
		58585E4615E06C7B006C4C94 = {
			isa = PBXGroup;
			children = (
				58585E5B15E06C7B006C4C94 /* Sherpa */,
				58585E5415E06C7B006C4C94 /* Frameworks */,
				58585E5215E06C7B006C4C94 /* Products */,
			);
			sourceTree = "<group>";
		};
		58585E5215E06C7B006C4C94 /* Products */ = {
			isa = PBXGroup;
			children = (
				58585E5115E06C7B006C4C94 /* Sherpa.app */,
			);
			name = Products;
			sourceTree = "<group>";
		};
		58585E5415E06C7B006C4C94 /* Frameworks */ = {
			isa = PBXGroup;
			children = (
				58585E5515E06C7B006C4C94 /* UIKit.framework */,
				58585E5715E06C7B006C4C94 /* Foundation.framework */,
				58585E5915E06C7B006C4C94 /* CoreGraphics.framework */,
			);
			name = Frameworks;
			sourceTree = "<group>";
		};
		58585E5B15E06C7B006C4C94 /* Sherpa */ = {
			isa = PBXGroup;
			children = (
				58585E6415E06C7B006C4C94 /* AppDelegate.h */,
				58585E6515E06C7B006C4C94 /* AppDelegate.m */,
				58585E6715E06C7B006C4C94 /* ViewController.h */,
				58585E6815E06C7B006C4C94 /* ViewController.m */,
				58585E6A15E06C7B006C4C94 /* ViewController_iPhone.xib */,
				58585E6D15E06C7B006C4C94 /* ViewController_iPad.xib */,
				58585E5C15E06C7B006C4C94 /* Supporting Files */,
			);
			path = Sherpa;
			sourceTree = "<group>";
		};
		58585E5C15E06C7B006C4C94 /* Supporting Files */ = {
			isa = PBXGroup;
			children = (
				58585E5D15E06C7B006C4C94 /* Sherpa-Info.plist */,
				58585E5E15E06C7B006C4C94 /* InfoPlist.strings */,
				58585E6115E06C7B006C4C94 /* main.m */,
				58585E6315E06C7B006C4C94 /* Sherpa-Prefix.pch */,
			);
			name = "Supporting Files";
			sourceTree = "<group>";
		};
/* End PBXGroup section */

/* Begin PBXNativeTarget section */
		58585E5015E06C7B006C4C94 /* Sherpa */ = {
			isa = PBXNativeTarget;
			buildConfigurationList = 58585E7215E06C7B006C4C94 /* Build configuration list for PBXNativeTarget "Sherpa" */;
			buildPhases = (
				58585E4D15E06C7B006C4C94 /* Sources */,
				58585E4E15E06C7B006C4C94 /* Frameworks */,
				58585E4F15E06C7B006C4C94 /* Resources */,
			);
			buildRules = (
			);
			dependencies = (
			);
			name = Sherpa;
			productName = Sherpa;
			productReference = 58585E5115E06C7B006C4C94 /* Sherpa.app */;
			productType = "com.apple.product-type.application";
		};
/* End PBXNativeTarget section */

/* Begin PBXProject section */
		58585E4815E06C7B006C4C94 /* Project object */ = {
			isa = PBXProject;
			attributes = {
				LastUpgradeCheck = 0440;
				ORGANIZATIONNAME = StartupWeekendVan;
			};
			buildConfigurationList = 58585E4B15E06C7B006C4C94 /* Build configuration list for PBXProject "Sherpa" */;
			compatibilityVersion = "Xcode 3.2";
			developmentRegion = English;
			hasScannedForEncodings = 0;
			knownRegions = (
				en,
			);
			mainGroup = 58585E4615E06C7B006C4C94;
			productRefGroup = 58585E5215E06C7B006C4C94 /* Products */;
			projectDirPath = "";
			projectRoot = "";
			targets = (
				58585E5015E06C7B006C4C94 /* Sherpa */,
			);
		};
/* End PBXProject section */

/* Begin PBXResourcesBuildPhase section */
		58585E4F15E06C7B006C4C94 /* Resources */ = {
			isa = PBXResourcesBuildPhase;
			buildActionMask = 2147483647;
			files = (
				58585E6015E06C7B006C4C94 /* InfoPlist.strings in Resources */,
				58585E6C15E06C7B006C4C94 /* ViewController_iPhone.xib in Resources */,
				58585E6F15E06C7B006C4C94 /* ViewController_iPad.xib in Resources */,
			);
			runOnlyForDeploymentPostprocessing = 0;
		};
/* End PBXResourcesBuildPhase section */

/* Begin PBXSourcesBuildPhase section */
		58585E4D15E06C7B006C4C94 /* Sources */ = {
			isa = PBXSourcesBuildPhase;
			buildActionMask = 2147483647;
			files = (
				58585E6215E06C7B006C4C94 /* main.m in Sources */,
				58585E6615E06C7B006C4C94 /* AppDelegate.m in Sources */,
				58585E6915E06C7B006C4C94 /* ViewController.m in Sources */,
			);
			runOnlyForDeploymentPostprocessing = 0;
		};
/* End PBXSourcesBuildPhase section */

/* Begin PBXVariantGroup section */
		58585E5E15E06C7B006C4C94 /* InfoPlist.strings */ = {
			isa = PBXVariantGroup;
			children = (
				58585E5F15E06C7B006C4C94 /* en */,
			);
			name = InfoPlist.strings;
			sourceTree = "<group>";
		};
		58585E6A15E06C7B006C4C94 /* ViewController_iPhone.xib */ = {
			isa = PBXVariantGroup;
			children = (
				58585E6B15E06C7B006C4C94 /* en */,
			);
			name = ViewController_iPhone.xib;
			sourceTree = "<group>";
		};
		58585E6D15E06C7B006C4C94 /* ViewController_iPad.xib */ = {
			isa = PBXVariantGroup;
			children = (
				58585E6E15E06C7B006C4C94 /* en */,
			);
			name = ViewController_iPad.xib;
			sourceTree = "<group>";
		};
/* End PBXVariantGroup section */

/* Begin XCBuildConfiguration section */
		58585E7015E06C7B006C4C94 /* Debug */ = {
			isa = XCBuildConfiguration;
			buildSettings = {
				ALWAYS_SEARCH_USER_PATHS = NO;
				ARCHS = "$(ARCHS_STANDARD_32_BIT)";
				CLANG_CXX_LANGUAGE_STANDARD = "gnu++0x";
				CLANG_ENABLE_OBJC_ARC = YES;
				CLANG_WARN__DUPLICATE_METHOD_MATCH = YES;
				"CODE_SIGN_IDENTITY[sdk=iphoneos*]" = "iPhone Developer";
				COPY_PHASE_STRIP = NO;
				GCC_C_LANGUAGE_STANDARD = gnu99;
				GCC_DYNAMIC_NO_PIC = NO;
				GCC_OPTIMIZATION_LEVEL = 0;
				GCC_PREPROCESSOR_DEFINITIONS = (
					"DEBUG=1",
					"$(inherited)",
				);
				GCC_SYMBOLS_PRIVATE_EXTERN = NO;
				GCC_VERSION = com.apple.compilers.llvm.clang.1_0;
				GCC_WARN_ABOUT_RETURN_TYPE = YES;
				GCC_WARN_UNINITIALIZED_AUTOS = YES;
				GCC_WARN_UNUSED_VARIABLE = YES;
				IPHONEOS_DEPLOYMENT_TARGET = 5.1;
				SDKROOT = iphoneos;
				TARGETED_DEVICE_FAMILY = "1,2";
			};
			name = Debug;
		};
		58585E7115E06C7B006C4C94 /* Release */ = {
			isa = XCBuildConfiguration;
			buildSettings = {
				ALWAYS_SEARCH_USER_PATHS = NO;
				ARCHS = "$(ARCHS_STANDARD_32_BIT)";
				CLANG_CXX_LANGUAGE_STANDARD = "gnu++0x";
				CLANG_ENABLE_OBJC_ARC = YES;
				CLANG_WARN__DUPLICATE_METHOD_MATCH = YES;
				"CODE_SIGN_IDENTITY[sdk=iphoneos*]" = "iPhone Developer";
				COPY_PHASE_STRIP = YES;
				GCC_C_LANGUAGE_STANDARD = gnu99;
				GCC_VERSION = com.apple.compilers.llvm.clang.1_0;
				GCC_WARN_ABOUT_RETURN_TYPE = YES;
				GCC_WARN_UNINITIALIZED_AUTOS = YES;
				GCC_WARN_UNUSED_VARIABLE = YES;
				IPHONEOS_DEPLOYMENT_TARGET = 5.1;
				OTHER_CFLAGS = "-DNS_BLOCK_ASSERTIONS=1";
				SDKROOT = iphoneos;
				TARGETED_DEVICE_FAMILY = "1,2";
				VALIDATE_PRODUCT = YES;
			};
			name = Release;
		};
		58585E7315E06C7B006C4C94 /* Debug */ = {
			isa = XCBuildConfiguration;
			buildSettings = {
				GCC_PRECOMPILE_PREFIX_HEADER = YES;
				GCC_PREFIX_HEADER = "Sherpa/Sherpa-Prefix.pch";
				INFOPLIST_FILE = "Sherpa/Sherpa-Info.plist";
				PRODUCT_NAME = "$(TARGET_NAME)";
				WRAPPER_EXTENSION = app;
			};
			name = Debug;
		};
		58585E7415E06C7B006C4C94 /* Release */ = {
			isa = XCBuildConfiguration;
			buildSettings = {
				GCC_PRECOMPILE_PREFIX_HEADER = YES;
				GCC_PREFIX_HEADER = "Sherpa/Sherpa-Prefix.pch";
				INFOPLIST_FILE = "Sherpa/Sherpa-Info.plist";
				PRODUCT_NAME = "$(TARGET_NAME)";
				WRAPPER_EXTENSION = app;
			};
			name = Release;
		};
/* End XCBuildConfiguration section */

/* Begin XCConfigurationList section */
		58585E4B15E06C7B006C4C94 /* Build configuration list for PBXProject "Sherpa" */ = {
			isa = XCConfigurationList;
			buildConfigurations = (
				58585E7015E06C7B006C4C94 /* Debug */,
				58585E7115E06C7B006C4C94 /* Release */,
			);
			defaultConfigurationIsVisible = 0;
			defaultConfigurationName = Release;
		};
		58585E7215E06C7B006C4C94 /* Build configuration list for PBXNativeTarget "Sherpa" */ = {
			isa = XCConfigurationList;
			buildConfigurations = (
				58585E7315E06C7B006C4C94 /* Debug */,
				58585E7415E06C7B006C4C94 /* Release */,
			);
			defaultConfigurationIsVisible = 0;
		};
/* End XCConfigurationList section */
	};
	rootObject = 58585E4815E06C7B006C4C94 /* Project object */;
}
